PODS:
  - Kingfisher (6.3.1)
  - SnapKit (5.6.0)
  - SwiftyFitsize (1.4.0)

DEPENDENCIES:
  - Kingfisher
  - SnapKit (~> 5.6.0)
  - SwiftyFitsize

SPEC REPOS:
  https://mirrors.tuna.tsinghua.edu.cn/git/CocoaPods/Specs.git:
    - Kingfisher
    - SnapKit
    - SwiftyFitsize

SPEC CHECKSUMS:
  Kingfisher: 016c8b653a35add51dd34a3aba36b580041acc74
  SnapKit: e01d52ebb8ddbc333eefe2132acf85c8227d9c25
  SwiftyFitsize: 7b12144a362b0c233d8fb8817e54988a60d92b02

PODFILE CHECKSUM: 96640d80a96fbfe799f407ead00e085cc1abb795

COCOAPODS: 1.11.3
