// !$*UTF8*$!
{
	archiveVersion = 1;
	classes = {
	};
	objectVersion = 55;
	objects = {

/* Begin PBXBuildFile section */
		573BCEC82815567500E76440 /* BuzzInformationCell.swift in Sources */ = {isa = PBXBuildFile; fileRef = 573BCEC72815567500E76440 /* BuzzInformationCell.swift */; };
		573EC8852808397800D56983 /* AppDelegate.swift in Sources */ = {isa = PBXBuildFile; fileRef = 573EC8842808397800D56983 /* AppDelegate.swift */; };
		573EC8872808397800D56983 /* SceneDelegate.swift in Sources */ = {isa = PBXBuildFile; fileRef = 573EC8862808397800D56983 /* SceneDelegate.swift */; };
		573EC8892808397800D56983 /* BaseViewController.swift in Sources */ = {isa = PBXBuildFile; fileRef = 573EC8882808397800D56983 /* BaseViewController.swift */; };
		573EC88C2808397800D56983 /* Main.storyboard in Resources */ = {isa = PBXBuildFile; fileRef = 573EC88A2808397800D56983 /* Main.storyboard */; };
		573EC88E2808397C00D56983 /* Assets.xcassets in Resources */ = {isa = PBXBuildFile; fileRef = 573EC88D2808397C00D56983 /* Assets.xcassets */; };
		573EC8912808397C00D56983 /* LaunchScreen.storyboard in Resources */ = {isa = PBXBuildFile; fileRef = 573EC88F2808397C00D56983 /* LaunchScreen.storyboard */; };
		573EC89C2808397D00D56983 /* dan_ji_xiao_zhu_iOSTests.swift in Sources */ = {isa = PBXBuildFile; fileRef = 573EC89B2808397D00D56983 /* dan_ji_xiao_zhu_iOSTests.swift */; };
		573EC8A62808397D00D56983 /* dan_ji_xiao_zhu_iOSUITests.swift in Sources */ = {isa = PBXBuildFile; fileRef = 573EC8A52808397D00D56983 /* dan_ji_xiao_zhu_iOSUITests.swift */; };
		573EC8A82808397D00D56983 /* dan_ji_xiao_zhu_iOSUITestsLaunchTests.swift in Sources */ = {isa = PBXBuildFile; fileRef = 573EC8A72808397D00D56983 /* dan_ji_xiao_zhu_iOSUITestsLaunchTests.swift */; };
		573EC8B72808441400D56983 /* TabBarController.swift in Sources */ = {isa = PBXBuildFile; fileRef = 573EC8B62808441400D56983 /* TabBarController.swift */; };
		573EC8BA2808470D00D56983 /* HomeViewController.swift in Sources */ = {isa = PBXBuildFile; fileRef = 573EC8B92808470D00D56983 /* HomeViewController.swift */; };
		573EC8BF280850EA00D56983 /* BuzzInformationController.swift in Sources */ = {isa = PBXBuildFile; fileRef = 573EC8BE280850EA00D56983 /* BuzzInformationController.swift */; };
		573EC8C12808512100D56983 /* MineViewController.swift in Sources */ = {isa = PBXBuildFile; fileRef = 573EC8C02808512100D56983 /* MineViewController.swift */; };
		57857F2528097BC400E1C2A5 /* Macro.swift in Sources */ = {isa = PBXBuildFile; fileRef = 57857F2428097BC400E1C2A5 /* Macro.swift */; };
		57857F29280A8D5D00E1C2A5 /* DJXZNavBar.swift in Sources */ = {isa = PBXBuildFile; fileRef = 57857F28280A8D5D00E1C2A5 /* DJXZNavBar.swift */; };
		57857F2B280AB92B00E1C2A5 /* Closures.swift in Sources */ = {isa = PBXBuildFile; fileRef = 57857F2A280AB92B00E1C2A5 /* Closures.swift */; };
		57857F2E280ABC3D00E1C2A5 /* DJXZTabs.swift in Sources */ = {isa = PBXBuildFile; fileRef = 57857F2D280ABC3D00E1C2A5 /* DJXZTabs.swift */; };
		57857F30280BE01C00E1C2A5 /* Common.swift in Sources */ = {isa = PBXBuildFile; fileRef = 57857F2F280BE01C00E1C2A5 /* Common.swift */; };
		57857F32280BF7E500E1C2A5 /* Extensions.swift in Sources */ = {isa = PBXBuildFile; fileRef = 57857F31280BF7E500E1C2A5 /* Extensions.swift */; };
		57857F34280D151400E1C2A5 /* GameADController.swift in Sources */ = {isa = PBXBuildFile; fileRef = 57857F33280D151400E1C2A5 /* GameADController.swift */; };
		57857F36280D164700E1C2A5 /* GameListController.swift in Sources */ = {isa = PBXBuildFile; fileRef = 57857F35280D164700E1C2A5 /* GameListController.swift */; };
		57857F39280D167C00E1C2A5 /* GameBaseController.swift in Sources */ = {isa = PBXBuildFile; fileRef = 57857F38280D167C00E1C2A5 /* GameBaseController.swift */; };
		57857F3B280D6A0300E1C2A5 /* GameListCell.swift in Sources */ = {isa = PBXBuildFile; fileRef = 57857F3A280D6A0300E1C2A5 /* GameListCell.swift */; };
		57857F3E280EB6CA00E1C2A5 /* DJXZCarousel.swift in Sources */ = {isa = PBXBuildFile; fileRef = 57857F3D280EB6CA00E1C2A5 /* DJXZCarousel.swift */; };
		57857F402810364600E1C2A5 /* GameDetailController.swift in Sources */ = {isa = PBXBuildFile; fileRef = 57857F3F2810364500E1C2A5 /* GameDetailController.swift */; };
		EECFA3E1105499B20CB409F1 /* Pods_dan_ji_xiao_zhu_iOS.framework in Frameworks */ = {isa = PBXBuildFile; fileRef = 9290360EF2D2218DE765C5BB /* Pods_dan_ji_xiao_zhu_iOS.framework */; };
/* End PBXBuildFile section */

/* Begin PBXContainerItemProxy section */
		573EC8982808397D00D56983 /* PBXContainerItemProxy */ = {
			isa = PBXContainerItemProxy;
			containerPortal = 573EC8792808397800D56983 /* Project object */;
			proxyType = 1;
			remoteGlobalIDString = 573EC8802808397800D56983;
			remoteInfo = "dan-ji-xiao-zhu-iOS";
		};
		573EC8A22808397D00D56983 /* PBXContainerItemProxy */ = {
			isa = PBXContainerItemProxy;
			containerPortal = 573EC8792808397800D56983 /* Project object */;
			proxyType = 1;
			remoteGlobalIDString = 573EC8802808397800D56983;
			remoteInfo = "dan-ji-xiao-zhu-iOS";
		};
/* End PBXContainerItemProxy section */

/* Begin PBXFileReference section */
		3DCB8D926422471D0E52004D /* Pods-dan-ji-xiao-zhu-iOS.release.xcconfig */ = {isa = PBXFileReference; includeInIndex = 1; lastKnownFileType = text.xcconfig; name = "Pods-dan-ji-xiao-zhu-iOS.release.xcconfig"; path = "Target Support Files/Pods-dan-ji-xiao-zhu-iOS/Pods-dan-ji-xiao-zhu-iOS.release.xcconfig"; sourceTree = "<group>"; };
		573BCEC72815567500E76440 /* BuzzInformationCell.swift */ = {isa = PBXFileReference; lastKnownFileType = sourcecode.swift; path = BuzzInformationCell.swift; sourceTree = "<group>"; };
		573EC8812808397800D56983 /* dan-ji-xiao-zhu-iOS.app */ = {isa = PBXFileReference; explicitFileType = wrapper.application; includeInIndex = 0; path = "dan-ji-xiao-zhu-iOS.app"; sourceTree = BUILT_PRODUCTS_DIR; };
		573EC8842808397800D56983 /* AppDelegate.swift */ = {isa = PBXFileReference; lastKnownFileType = sourcecode.swift; path = AppDelegate.swift; sourceTree = "<group>"; };
		573EC8862808397800D56983 /* SceneDelegate.swift */ = {isa = PBXFileReference; lastKnownFileType = sourcecode.swift; path = SceneDelegate.swift; sourceTree = "<group>"; };
		573EC8882808397800D56983 /* BaseViewController.swift */ = {isa = PBXFileReference; lastKnownFileType = sourcecode.swift; path = BaseViewController.swift; sourceTree = "<group>"; };
		573EC88B2808397800D56983 /* Base */ = {isa = PBXFileReference; lastKnownFileType = file.storyboard; name = Base; path = Base.lproj/Main.storyboard; sourceTree = "<group>"; };
		573EC88D2808397C00D56983 /* Assets.xcassets */ = {isa = PBXFileReference; lastKnownFileType = folder.assetcatalog; path = Assets.xcassets; sourceTree = "<group>"; };
		573EC8902808397C00D56983 /* Base */ = {isa = PBXFileReference; lastKnownFileType = file.storyboard; name = Base; path = Base.lproj/LaunchScreen.storyboard; sourceTree = "<group>"; };
		573EC8922808397C00D56983 /* Info.plist */ = {isa = PBXFileReference; lastKnownFileType = text.plist.xml; path = Info.plist; sourceTree = "<group>"; };
		573EC8972808397D00D56983 /* dan-ji-xiao-zhu-iOSTests.xctest */ = {isa = PBXFileReference; explicitFileType = wrapper.cfbundle; includeInIndex = 0; path = "dan-ji-xiao-zhu-iOSTests.xctest"; sourceTree = BUILT_PRODUCTS_DIR; };
		573EC89B2808397D00D56983 /* dan_ji_xiao_zhu_iOSTests.swift */ = {isa = PBXFileReference; lastKnownFileType = sourcecode.swift; path = dan_ji_xiao_zhu_iOSTests.swift; sourceTree = "<group>"; };
		573EC8A12808397D00D56983 /* dan-ji-xiao-zhu-iOSUITests.xctest */ = {isa = PBXFileReference; explicitFileType = wrapper.cfbundle; includeInIndex = 0; path = "dan-ji-xiao-zhu-iOSUITests.xctest"; sourceTree = BUILT_PRODUCTS_DIR; };
		573EC8A52808397D00D56983 /* dan_ji_xiao_zhu_iOSUITests.swift */ = {isa = PBXFileReference; lastKnownFileType = sourcecode.swift; path = dan_ji_xiao_zhu_iOSUITests.swift; sourceTree = "<group>"; };
		573EC8A72808397D00D56983 /* dan_ji_xiao_zhu_iOSUITestsLaunchTests.swift */ = {isa = PBXFileReference; lastKnownFileType = sourcecode.swift; path = dan_ji_xiao_zhu_iOSUITestsLaunchTests.swift; sourceTree = "<group>"; };
		573EC8B62808441400D56983 /* TabBarController.swift */ = {isa = PBXFileReference; lastKnownFileType = sourcecode.swift; path = TabBarController.swift; sourceTree = "<group>"; };
		573EC8B92808470D00D56983 /* HomeViewController.swift */ = {isa = PBXFileReference; lastKnownFileType = sourcecode.swift; path = HomeViewController.swift; sourceTree = "<group>"; };
		573EC8BE280850EA00D56983 /* BuzzInformationController.swift */ = {isa = PBXFileReference; lastKnownFileType = sourcecode.swift; path = BuzzInformationController.swift; sourceTree = "<group>"; };
		573EC8C02808512100D56983 /* MineViewController.swift */ = {isa = PBXFileReference; lastKnownFileType = sourcecode.swift; path = MineViewController.swift; sourceTree = "<group>"; };
		57857F2428097BC400E1C2A5 /* Macro.swift */ = {isa = PBXFileReference; lastKnownFileType = sourcecode.swift; path = Macro.swift; sourceTree = "<group>"; };
		57857F28280A8D5D00E1C2A5 /* DJXZNavBar.swift */ = {isa = PBXFileReference; lastKnownFileType = sourcecode.swift; path = DJXZNavBar.swift; sourceTree = "<group>"; };
		57857F2A280AB92B00E1C2A5 /* Closures.swift */ = {isa = PBXFileReference; lastKnownFileType = sourcecode.swift; path = Closures.swift; sourceTree = "<group>"; };
		57857F2D280ABC3D00E1C2A5 /* DJXZTabs.swift */ = {isa = PBXFileReference; lastKnownFileType = sourcecode.swift; path = DJXZTabs.swift; sourceTree = "<group>"; };
		57857F2F280BE01C00E1C2A5 /* Common.swift */ = {isa = PBXFileReference; lastKnownFileType = sourcecode.swift; path = Common.swift; sourceTree = "<group>"; };
		57857F31280BF7E500E1C2A5 /* Extensions.swift */ = {isa = PBXFileReference; lastKnownFileType = sourcecode.swift; path = Extensions.swift; sourceTree = "<group>"; };
		57857F33280D151400E1C2A5 /* GameADController.swift */ = {isa = PBXFileReference; lastKnownFileType = sourcecode.swift; path = GameADController.swift; sourceTree = "<group>"; };
		57857F35280D164700E1C2A5 /* GameListController.swift */ = {isa = PBXFileReference; lastKnownFileType = sourcecode.swift; path = GameListController.swift; sourceTree = "<group>"; };
		57857F38280D167C00E1C2A5 /* GameBaseController.swift */ = {isa = PBXFileReference; lastKnownFileType = sourcecode.swift; path = GameBaseController.swift; sourceTree = "<group>"; };
		57857F3A280D6A0300E1C2A5 /* GameListCell.swift */ = {isa = PBXFileReference; lastKnownFileType = sourcecode.swift; path = GameListCell.swift; sourceTree = "<group>"; };
		57857F3D280EB6CA00E1C2A5 /* DJXZCarousel.swift */ = {isa = PBXFileReference; lastKnownFileType = sourcecode.swift; path = DJXZCarousel.swift; sourceTree = "<group>"; };
		57857F3F2810364500E1C2A5 /* GameDetailController.swift */ = {isa = PBXFileReference; lastKnownFileType = sourcecode.swift; path = GameDetailController.swift; sourceTree = "<group>"; };
		9290360EF2D2218DE765C5BB /* Pods_dan_ji_xiao_zhu_iOS.framework */ = {isa = PBXFileReference; explicitFileType = wrapper.framework; includeInIndex = 0; path = Pods_dan_ji_xiao_zhu_iOS.framework; sourceTree = BUILT_PRODUCTS_DIR; };
		A4240501E25A7FCB3A4C6367 /* Pods-dan-ji-xiao-zhu-iOS.debug.xcconfig */ = {isa = PBXFileReference; includeInIndex = 1; lastKnownFileType = text.xcconfig; name = "Pods-dan-ji-xiao-zhu-iOS.debug.xcconfig"; path = "Target Support Files/Pods-dan-ji-xiao-zhu-iOS/Pods-dan-ji-xiao-zhu-iOS.debug.xcconfig"; sourceTree = "<group>"; };
/* End PBXFileReference section */

/* Begin PBXFrameworksBuildPhase section */
		573EC87E2808397800D56983 /* Frameworks */ = {
			isa = PBXFrameworksBuildPhase;
			buildActionMask = 2147483647;
			files = (
				EECFA3E1105499B20CB409F1 /* Pods_dan_ji_xiao_zhu_iOS.framework in Frameworks */,
			);
			runOnlyForDeploymentPostprocessing = 0;
		};
		573EC8942808397D00D56983 /* Frameworks */ = {
			isa = PBXFrameworksBuildPhase;
			buildActionMask = 2147483647;
			files = (
			);
			runOnlyForDeploymentPostprocessing = 0;
		};
		573EC89E2808397D00D56983 /* Frameworks */ = {
			isa = PBXFrameworksBuildPhase;
			buildActionMask = 2147483647;
			files = (
			);
			runOnlyForDeploymentPostprocessing = 0;
		};
/* End PBXFrameworksBuildPhase section */

/* Begin PBXGroup section */
		573EC8782808397800D56983 = {
			isa = PBXGroup;
			children = (
				573EC8832808397800D56983 /* dan-ji-xiao-zhu-iOS */,
				573EC89A2808397D00D56983 /* dan-ji-xiao-zhu-iOSTests */,
				573EC8A42808397D00D56983 /* dan-ji-xiao-zhu-iOSUITests */,
				573EC8822808397800D56983 /* Products */,
				719C387DD7C33AC1EE0CEA3E /* Pods */,
				8D1245BF97DF73DC74C4A252 /* Frameworks */,
			);
			sourceTree = "<group>";
		};
		573EC8822808397800D56983 /* Products */ = {
			isa = PBXGroup;
			children = (
				573EC8812808397800D56983 /* dan-ji-xiao-zhu-iOS.app */,
				573EC8972808397D00D56983 /* dan-ji-xiao-zhu-iOSTests.xctest */,
				573EC8A12808397D00D56983 /* dan-ji-xiao-zhu-iOSUITests.xctest */,
			);
			name = Products;
			sourceTree = "<group>";
		};
		573EC8832808397800D56983 /* dan-ji-xiao-zhu-iOS */ = {
			isa = PBXGroup;
			children = (
				573EC8922808397C00D56983 /* Info.plist */,
				573EC8B42808436400D56983 /* Modules */,
			);
			path = "dan-ji-xiao-zhu-iOS";
			sourceTree = "<group>";
		};
		573EC89A2808397D00D56983 /* dan-ji-xiao-zhu-iOSTests */ = {
			isa = PBXGroup;
			children = (
				573EC89B2808397D00D56983 /* dan_ji_xiao_zhu_iOSTests.swift */,
			);
			path = "dan-ji-xiao-zhu-iOSTests";
			sourceTree = "<group>";
		};
		573EC8A42808397D00D56983 /* dan-ji-xiao-zhu-iOSUITests */ = {
			isa = PBXGroup;
			children = (
				573EC8A52808397D00D56983 /* dan_ji_xiao_zhu_iOSUITests.swift */,
				573EC8A72808397D00D56983 /* dan_ji_xiao_zhu_iOSUITestsLaunchTests.swift */,
			);
			path = "dan-ji-xiao-zhu-iOSUITests";
			sourceTree = "<group>";
		};
		573EC8B42808436400D56983 /* Modules */ = {
			isa = PBXGroup;
			children = (
				57857F26280A8D2F00E1C2A5 /* Components */,
				573EC8C22809093400D56983 /* Public */,
				573EC8BD280850D800D56983 /* Mine */,
				573EC8BC280850B000D56983 /* BuzzInformation */,
				573EC8BB2808471700D56983 /* Common */,
				573EC8B8280846D200D56983 /* Home */,
				573EC8B52808438A00D56983 /* Tab */,
			);
			path = Modules;
			sourceTree = "<group>";
		};
		573EC8B52808438A00D56983 /* Tab */ = {
			isa = PBXGroup;
			children = (
				573EC8B62808441400D56983 /* TabBarController.swift */,
			);
			path = Tab;
			sourceTree = "<group>";
		};
		573EC8B8280846D200D56983 /* Home */ = {
			isa = PBXGroup;
			children = (
				57857F37280D166A00E1C2A5 /* Game */,
				573EC8B92808470D00D56983 /* HomeViewController.swift */,
			);
			path = Home;
			sourceTree = "<group>";
		};
		573EC8BB2808471700D56983 /* Common */ = {
			isa = PBXGroup;
			children = (
				57857F2428097BC400E1C2A5 /* Macro.swift */,
				57857F2A280AB92B00E1C2A5 /* Closures.swift */,
				57857F2F280BE01C00E1C2A5 /* Common.swift */,
				57857F31280BF7E500E1C2A5 /* Extensions.swift */,
			);
			path = Common;
			sourceTree = "<group>";
		};
		573EC8BC280850B000D56983 /* BuzzInformation */ = {
			isa = PBXGroup;
			children = (
				573EC8BE280850EA00D56983 /* BuzzInformationController.swift */,
				573BCEC72815567500E76440 /* BuzzInformationCell.swift */,
			);
			path = BuzzInformation;
			sourceTree = "<group>";
		};
		573EC8BD280850D800D56983 /* Mine */ = {
			isa = PBXGroup;
			children = (
				573EC8C02808512100D56983 /* MineViewController.swift */,
			);
			path = Mine;
			sourceTree = "<group>";
		};
		573EC8C22809093400D56983 /* Public */ = {
			isa = PBXGroup;
			children = (
				573EC8882808397800D56983 /* BaseViewController.swift */,
				573EC8842808397800D56983 /* AppDelegate.swift */,
				573EC8862808397800D56983 /* SceneDelegate.swift */,
				573EC88A2808397800D56983 /* Main.storyboard */,
				573EC88D2808397C00D56983 /* Assets.xcassets */,
				573EC88F2808397C00D56983 /* LaunchScreen.storyboard */,
			);
			path = Public;
			sourceTree = "<group>";
		};
		57857F26280A8D2F00E1C2A5 /* Components */ = {
			isa = PBXGroup;
			children = (
				57857F3C280EB69F00E1C2A5 /* DJXZCarousel */,
				57857F2C280ABC2900E1C2A5 /* DJXZTabs */,
				57857F27280A8D3A00E1C2A5 /* DJXZNavBar */,
			);
			path = Components;
			sourceTree = "<group>";
		};
		57857F27280A8D3A00E1C2A5 /* DJXZNavBar */ = {
			isa = PBXGroup;
			children = (
				57857F28280A8D5D00E1C2A5 /* DJXZNavBar.swift */,
			);
			path = DJXZNavBar;
			sourceTree = "<group>";
		};
		57857F2C280ABC2900E1C2A5 /* DJXZTabs */ = {
			isa = PBXGroup;
			children = (
				57857F2D280ABC3D00E1C2A5 /* DJXZTabs.swift */,
			);
			path = DJXZTabs;
			sourceTree = "<group>";
		};
		57857F37280D166A00E1C2A5 /* Game */ = {
			isa = PBXGroup;
			children = (
				57857F33280D151400E1C2A5 /* GameADController.swift */,
				57857F35280D164700E1C2A5 /* GameListController.swift */,
				57857F38280D167C00E1C2A5 /* GameBaseController.swift */,
				57857F3A280D6A0300E1C2A5 /* GameListCell.swift */,
				57857F3F2810364500E1C2A5 /* GameDetailController.swift */,
			);
			path = Game;
			sourceTree = "<group>";
		};
		57857F3C280EB69F00E1C2A5 /* DJXZCarousel */ = {
			isa = PBXGroup;
			children = (
				57857F3D280EB6CA00E1C2A5 /* DJXZCarousel.swift */,
			);
			path = DJXZCarousel;
			sourceTree = "<group>";
		};
		719C387DD7C33AC1EE0CEA3E /* Pods */ = {
			isa = PBXGroup;
			children = (
				A4240501E25A7FCB3A4C6367 /* Pods-dan-ji-xiao-zhu-iOS.debug.xcconfig */,
				3DCB8D926422471D0E52004D /* Pods-dan-ji-xiao-zhu-iOS.release.xcconfig */,
			);
			path = Pods;
			sourceTree = "<group>";
		};
		8D1245BF97DF73DC74C4A252 /* Frameworks */ = {
			isa = PBXGroup;
			children = (
				9290360EF2D2218DE765C5BB /* Pods_dan_ji_xiao_zhu_iOS.framework */,
			);
			name = Frameworks;
			sourceTree = "<group>";
		};
/* End PBXGroup section */

/* Begin PBXNativeTarget section */
		573EC8802808397800D56983 /* dan-ji-xiao-zhu-iOS */ = {
			isa = PBXNativeTarget;
			buildConfigurationList = 573EC8AB2808397D00D56983 /* Build configuration list for PBXNativeTarget "dan-ji-xiao-zhu-iOS" */;
			buildPhases = (
				88434A73CB368C4B0028EF7F /* [CP] Check Pods Manifest.lock */,
				573EC87D2808397800D56983 /* Sources */,
				573EC87E2808397800D56983 /* Frameworks */,
				573EC87F2808397800D56983 /* Resources */,
				19108B834787CAF2D561F7ED /* [CP] Embed Pods Frameworks */,
			);
			buildRules = (
			);
			dependencies = (
			);
			name = "dan-ji-xiao-zhu-iOS";
			productName = "dan-ji-xiao-zhu-iOS";
			productReference = 573EC8812808397800D56983 /* dan-ji-xiao-zhu-iOS.app */;
			productType = "com.apple.product-type.application";
		};
		573EC8962808397D00D56983 /* dan-ji-xiao-zhu-iOSTests */ = {
			isa = PBXNativeTarget;
			buildConfigurationList = 573EC8AE2808397D00D56983 /* Build configuration list for PBXNativeTarget "dan-ji-xiao-zhu-iOSTests" */;
			buildPhases = (
				573EC8932808397D00D56983 /* Sources */,
				573EC8942808397D00D56983 /* Frameworks */,
				573EC8952808397D00D56983 /* Resources */,
			);
			buildRules = (
			);
			dependencies = (
				573EC8992808397D00D56983 /* PBXTargetDependency */,
			);
			name = "dan-ji-xiao-zhu-iOSTests";
			productName = "dan-ji-xiao-zhu-iOSTests";
			productReference = 573EC8972808397D00D56983 /* dan-ji-xiao-zhu-iOSTests.xctest */;
			productType = "com.apple.product-type.bundle.unit-test";
		};
		573EC8A02808397D00D56983 /* dan-ji-xiao-zhu-iOSUITests */ = {
			isa = PBXNativeTarget;
			buildConfigurationList = 573EC8B12808397D00D56983 /* Build configuration list for PBXNativeTarget "dan-ji-xiao-zhu-iOSUITests" */;
			buildPhases = (
				573EC89D2808397D00D56983 /* Sources */,
				573EC89E2808397D00D56983 /* Frameworks */,
				573EC89F2808397D00D56983 /* Resources */,
			);
			buildRules = (
			);
			dependencies = (
				573EC8A32808397D00D56983 /* PBXTargetDependency */,
			);
			name = "dan-ji-xiao-zhu-iOSUITests";
			productName = "dan-ji-xiao-zhu-iOSUITests";
			productReference = 573EC8A12808397D00D56983 /* dan-ji-xiao-zhu-iOSUITests.xctest */;
			productType = "com.apple.product-type.bundle.ui-testing";
		};
/* End PBXNativeTarget section */

/* Begin PBXProject section */
		573EC8792808397800D56983 /* Project object */ = {
			isa = PBXProject;
			attributes = {
				BuildIndependentTargetsInParallel = 1;
				LastSwiftUpdateCheck = 1330;
				LastUpgradeCheck = 1330;
				TargetAttributes = {
					573EC8802808397800D56983 = {
						CreatedOnToolsVersion = 13.3.1;
					};
					573EC8962808397D00D56983 = {
						CreatedOnToolsVersion = 13.3.1;
						TestTargetID = 573EC8802808397800D56983;
					};
					573EC8A02808397D00D56983 = {
						CreatedOnToolsVersion = 13.3.1;
						TestTargetID = 573EC8802808397800D56983;
					};
				};
			};
			buildConfigurationList = 573EC87C2808397800D56983 /* Build configuration list for PBXProject "dan-ji-xiao-zhu-iOS" */;
			compatibilityVersion = "Xcode 13.0";
			developmentRegion = en;
			hasScannedForEncodings = 0;
			knownRegions = (
				en,
				Base,
			);
			mainGroup = 573EC8782808397800D56983;
			productRefGroup = 573EC8822808397800D56983 /* Products */;
			projectDirPath = "";
			projectRoot = "";
			targets = (
				573EC8802808397800D56983 /* dan-ji-xiao-zhu-iOS */,
				573EC8962808397D00D56983 /* dan-ji-xiao-zhu-iOSTests */,
				573EC8A02808397D00D56983 /* dan-ji-xiao-zhu-iOSUITests */,
			);
		};
/* End PBXProject section */

/* Begin PBXResourcesBuildPhase section */
		573EC87F2808397800D56983 /* Resources */ = {
			isa = PBXResourcesBuildPhase;
			buildActionMask = 2147483647;
			files = (
				573EC8912808397C00D56983 /* LaunchScreen.storyboard in Resources */,
				573EC88E2808397C00D56983 /* Assets.xcassets in Resources */,
				573EC88C2808397800D56983 /* Main.storyboard in Resources */,
			);
			runOnlyForDeploymentPostprocessing = 0;
		};
		573EC8952808397D00D56983 /* Resources */ = {
			isa = PBXResourcesBuildPhase;
			buildActionMask = 2147483647;
			files = (
			);
			runOnlyForDeploymentPostprocessing = 0;
		};
		573EC89F2808397D00D56983 /* Resources */ = {
			isa = PBXResourcesBuildPhase;
			buildActionMask = 2147483647;
			files = (
			);
			runOnlyForDeploymentPostprocessing = 0;
		};
/* End PBXResourcesBuildPhase section */

/* Begin PBXShellScriptBuildPhase section */
		19108B834787CAF2D561F7ED /* [CP] Embed Pods Frameworks */ = {
			isa = PBXShellScriptBuildPhase;
			buildActionMask = 2147483647;
			files = (
			);
			inputFileListPaths = (
				"${PODS_ROOT}/Target Support Files/Pods-dan-ji-xiao-zhu-iOS/Pods-dan-ji-xiao-zhu-iOS-frameworks-${CONFIGURATION}-input-files.xcfilelist",
			);
			name = "[CP] Embed Pods Frameworks";
			outputFileListPaths = (
				"${PODS_ROOT}/Target Support Files/Pods-dan-ji-xiao-zhu-iOS/Pods-dan-ji-xiao-zhu-iOS-frameworks-${CONFIGURATION}-output-files.xcfilelist",
			);
			runOnlyForDeploymentPostprocessing = 0;
			shellPath = /bin/sh;
			shellScript = "\"${PODS_ROOT}/Target Support Files/Pods-dan-ji-xiao-zhu-iOS/Pods-dan-ji-xiao-zhu-iOS-frameworks.sh\"\n";
			showEnvVarsInLog = 0;
		};
		88434A73CB368C4B0028EF7F /* [CP] Check Pods Manifest.lock */ = {
			isa = PBXShellScriptBuildPhase;
			buildActionMask = 2147483647;
			files = (
			);
			inputFileListPaths = (
			);
			inputPaths = (
				"${PODS_PODFILE_DIR_PATH}/Podfile.lock",
				"${PODS_ROOT}/Manifest.lock",
			);
			name = "[CP] Check Pods Manifest.lock";
			outputFileListPaths = (
			);
			outputPaths = (
				"$(DERIVED_FILE_DIR)/Pods-dan-ji-xiao-zhu-iOS-checkManifestLockResult.txt",
			);
			runOnlyForDeploymentPostprocessing = 0;
			shellPath = /bin/sh;
			shellScript = "diff \"${PODS_PODFILE_DIR_PATH}/Podfile.lock\" \"${PODS_ROOT}/Manifest.lock\" > /dev/null\nif [ $? != 0 ] ; then\n    # print error to STDERR\n    echo \"error: The sandbox is not in sync with the Podfile.lock. Run 'pod install' or update your CocoaPods installation.\" >&2\n    exit 1\nfi\n# This output is used by Xcode 'outputs' to avoid re-running this script phase.\necho \"SUCCESS\" > \"${SCRIPT_OUTPUT_FILE_0}\"\n";
			showEnvVarsInLog = 0;
		};
/* End PBXShellScriptBuildPhase section */

/* Begin PBXSourcesBuildPhase section */
		573EC87D2808397800D56983 /* Sources */ = {
			isa = PBXSourcesBuildPhase;
			buildActionMask = 2147483647;
			files = (
				57857F29280A8D5D00E1C2A5 /* DJXZNavBar.swift in Sources */,
				573BCEC82815567500E76440 /* BuzzInformationCell.swift in Sources */,
				57857F2528097BC400E1C2A5 /* Macro.swift in Sources */,
				573EC8BA2808470D00D56983 /* HomeViewController.swift in Sources */,
				573EC8892808397800D56983 /* BaseViewController.swift in Sources */,
				57857F36280D164700E1C2A5 /* GameListController.swift in Sources */,
				57857F2E280ABC3D00E1C2A5 /* DJXZTabs.swift in Sources */,
				573EC8B72808441400D56983 /* TabBarController.swift in Sources */,
				57857F34280D151400E1C2A5 /* GameADController.swift in Sources */,
				573EC8C12808512100D56983 /* MineViewController.swift in Sources */,
				57857F402810364600E1C2A5 /* GameDetailController.swift in Sources */,
				57857F3E280EB6CA00E1C2A5 /* DJXZCarousel.swift in Sources */,
				57857F3B280D6A0300E1C2A5 /* GameListCell.swift in Sources */,
				57857F32280BF7E500E1C2A5 /* Extensions.swift in Sources */,
				573EC8BF280850EA00D56983 /* BuzzInformationController.swift in Sources */,
				57857F39280D167C00E1C2A5 /* GameBaseController.swift in Sources */,
				57857F30280BE01C00E1C2A5 /* Common.swift in Sources */,
				57857F2B280AB92B00E1C2A5 /* Closures.swift in Sources */,
				573EC8852808397800D56983 /* AppDelegate.swift in Sources */,
				573EC8872808397800D56983 /* SceneDelegate.swift in Sources */,
			);
			runOnlyForDeploymentPostprocessing = 0;
		};
		573EC8932808397D00D56983 /* Sources */ = {
			isa = PBXSourcesBuildPhase;
			buildActionMask = 2147483647;
			files = (
				573EC89C2808397D00D56983 /* dan_ji_xiao_zhu_iOSTests.swift in Sources */,
			);
			runOnlyForDeploymentPostprocessing = 0;
		};
		573EC89D2808397D00D56983 /* Sources */ = {
			isa = PBXSourcesBuildPhase;
			buildActionMask = 2147483647;
			files = (
				573EC8A82808397D00D56983 /* dan_ji_xiao_zhu_iOSUITestsLaunchTests.swift in Sources */,
				573EC8A62808397D00D56983 /* dan_ji_xiao_zhu_iOSUITests.swift in Sources */,
			);
			runOnlyForDeploymentPostprocessing = 0;
		};
/* End PBXSourcesBuildPhase section */

/* Begin PBXTargetDependency section */
		573EC8992808397D00D56983 /* PBXTargetDependency */ = {
			isa = PBXTargetDependency;
			target = 573EC8802808397800D56983 /* dan-ji-xiao-zhu-iOS */;
			targetProxy = 573EC8982808397D00D56983 /* PBXContainerItemProxy */;
		};
		573EC8A32808397D00D56983 /* PBXTargetDependency */ = {
			isa = PBXTargetDependency;
			target = 573EC8802808397800D56983 /* dan-ji-xiao-zhu-iOS */;
			targetProxy = 573EC8A22808397D00D56983 /* PBXContainerItemProxy */;
		};
/* End PBXTargetDependency section */

/* Begin PBXVariantGroup section */
		573EC88A2808397800D56983 /* Main.storyboard */ = {
			isa = PBXVariantGroup;
			children = (
				573EC88B2808397800D56983 /* Base */,
			);
			name = Main.storyboard;
			sourceTree = "<group>";
		};
		573EC88F2808397C00D56983 /* LaunchScreen.storyboard */ = {
			isa = PBXVariantGroup;
			children = (
				573EC8902808397C00D56983 /* Base */,
			);
			name = LaunchScreen.storyboard;
			sourceTree = "<group>";
		};
/* End PBXVariantGroup section */

/* Begin XCBuildConfiguration section */
		573EC8A92808397D00D56983 /* Debug */ = {
			isa = XCBuildConfiguration;
			buildSettings = {
				ALWAYS_SEARCH_USER_PATHS = NO;
				CLANG_ANALYZER_NONNULL = YES;
				CLANG_ANALYZER_NUMBER_OBJECT_CONVERSION = YES_AGGRESSIVE;
				CLANG_CXX_LANGUAGE_STANDARD = "gnu++17";
				CLANG_ENABLE_MODULES = YES;
				CLANG_ENABLE_OBJC_ARC = YES;
				CLANG_ENABLE_OBJC_WEAK = YES;
				CLANG_WARN_BLOCK_CAPTURE_AUTORELEASING = YES;
				CLANG_WARN_BOOL_CONVERSION = YES;
				CLANG_WARN_COMMA = YES;
				CLANG_WARN_CONSTANT_CONVERSION = YES;
				CLANG_WARN_DEPRECATED_OBJC_IMPLEMENTATIONS = YES;
				CLANG_WARN_DIRECT_OBJC_ISA_USAGE = YES_ERROR;
				CLANG_WARN_DOCUMENTATION_COMMENTS = YES;
				CLANG_WARN_EMPTY_BODY = YES;
				CLANG_WARN_ENUM_CONVERSION = YES;
				CLANG_WARN_INFINITE_RECURSION = YES;
				CLANG_WARN_INT_CONVERSION = YES;
				CLANG_WARN_NON_LITERAL_NULL_CONVERSION = YES;
				CLANG_WARN_OBJC_IMPLICIT_RETAIN_SELF = YES;
				CLANG_WARN_OBJC_LITERAL_CONVERSION = YES;
				CLANG_WARN_OBJC_ROOT_CLASS = YES_ERROR;
				CLANG_WARN_QUOTED_INCLUDE_IN_FRAMEWORK_HEADER = YES;
				CLANG_WARN_RANGE_LOOP_ANALYSIS = YES;
				CLANG_WARN_STRICT_PROTOTYPES = YES;
				CLANG_WARN_SUSPICIOUS_MOVE = YES;
				CLANG_WARN_UNGUARDED_AVAILABILITY = YES_AGGRESSIVE;
				CLANG_WARN_UNREACHABLE_CODE = YES;
				CLANG_WARN__DUPLICATE_METHOD_MATCH = YES;
				COPY_PHASE_STRIP = NO;
				DEBUG_INFORMATION_FORMAT = dwarf;
				ENABLE_STRICT_OBJC_MSGSEND = YES;
				ENABLE_TESTABILITY = YES;
				GCC_C_LANGUAGE_STANDARD = gnu11;
				GCC_DYNAMIC_NO_PIC = NO;
				GCC_NO_COMMON_BLOCKS = YES;
				GCC_OPTIMIZATION_LEVEL = 0;
				GCC_PREPROCESSOR_DEFINITIONS = (
					"DEBUG=1",
					"$(inherited)",
				);
				GCC_WARN_64_TO_32_BIT_CONVERSION = YES;
				GCC_WARN_ABOUT_RETURN_TYPE = YES_ERROR;
				GCC_WARN_UNDECLARED_SELECTOR = YES;
				GCC_WARN_UNINITIALIZED_AUTOS = YES_AGGRESSIVE;
				GCC_WARN_UNUSED_FUNCTION = YES;
				GCC_WARN_UNUSED_VARIABLE = YES;
				IPHONEOS_DEPLOYMENT_TARGET = 13.0;
				MTL_ENABLE_DEBUG_INFO = INCLUDE_SOURCE;
				MTL_FAST_MATH = YES;
				ONLY_ACTIVE_ARCH = YES;
				SDKROOT = iphoneos;
				SWIFT_ACTIVE_COMPILATION_CONDITIONS = DEBUG;
				SWIFT_OPTIMIZATION_LEVEL = "-Onone";
			};
			name = Debug;
		};
		573EC8AA2808397D00D56983 /* Release */ = {
			isa = XCBuildConfiguration;
			buildSettings = {
				ALWAYS_SEARCH_USER_PATHS = NO;
				CLANG_ANALYZER_NONNULL = YES;
				CLANG_ANALYZER_NUMBER_OBJECT_CONVERSION = YES_AGGRESSIVE;
				CLANG_CXX_LANGUAGE_STANDARD = "gnu++17";
				CLANG_ENABLE_MODULES = YES;
				CLANG_ENABLE_OBJC_ARC = YES;
				CLANG_ENABLE_OBJC_WEAK = YES;
				CLANG_WARN_BLOCK_CAPTURE_AUTORELEASING = YES;
				CLANG_WARN_BOOL_CONVERSION = YES;
				CLANG_WARN_COMMA = YES;
				CLANG_WARN_CONSTANT_CONVERSION = YES;
				CLANG_WARN_DEPRECATED_OBJC_IMPLEMENTATIONS = YES;
				CLANG_WARN_DIRECT_OBJC_ISA_USAGE = YES_ERROR;
				CLANG_WARN_DOCUMENTATION_COMMENTS = YES;
				CLANG_WARN_EMPTY_BODY = YES;
				CLANG_WARN_ENUM_CONVERSION = YES;
				CLANG_WARN_INFINITE_RECURSION = YES;
				CLANG_WARN_INT_CONVERSION = YES;
				CLANG_WARN_NON_LITERAL_NULL_CONVERSION = YES;
				CLANG_WARN_OBJC_IMPLICIT_RETAIN_SELF = YES;
				CLANG_WARN_OBJC_LITERAL_CONVERSION = YES;
				CLANG_WARN_OBJC_ROOT_CLASS = YES_ERROR;
				CLANG_WARN_QUOTED_INCLUDE_IN_FRAMEWORK_HEADER = YES;
				CLANG_WARN_RANGE_LOOP_ANALYSIS = YES;
				CLANG_WARN_STRICT_PROTOTYPES = YES;
				CLANG_WARN_SUSPICIOUS_MOVE = YES;
				CLANG_WARN_UNGUARDED_AVAILABILITY = YES_AGGRESSIVE;
				CLANG_WARN_UNREACHABLE_CODE = YES;
				CLANG_WARN__DUPLICATE_METHOD_MATCH = YES;
				COPY_PHASE_STRIP = NO;
				DEBUG_INFORMATION_FORMAT = "dwarf-with-dsym";
				ENABLE_NS_ASSERTIONS = NO;
				ENABLE_STRICT_OBJC_MSGSEND = YES;
				GCC_C_LANGUAGE_STANDARD = gnu11;
				GCC_NO_COMMON_BLOCKS = YES;
				GCC_WARN_64_TO_32_BIT_CONVERSION = YES;
				GCC_WARN_ABOUT_RETURN_TYPE = YES_ERROR;
				GCC_WARN_UNDECLARED_SELECTOR = YES;
				GCC_WARN_UNINITIALIZED_AUTOS = YES_AGGRESSIVE;
				GCC_WARN_UNUSED_FUNCTION = YES;
				GCC_WARN_UNUSED_VARIABLE = YES;
				IPHONEOS_DEPLOYMENT_TARGET = 13.0;
				MTL_ENABLE_DEBUG_INFO = NO;
				MTL_FAST_MATH = YES;
				SDKROOT = iphoneos;
				SWIFT_COMPILATION_MODE = wholemodule;
				SWIFT_OPTIMIZATION_LEVEL = "-O";
				VALIDATE_PRODUCT = YES;
			};
			name = Release;
		};
		573EC8AC2808397D00D56983 /* Debug */ = {
			isa = XCBuildConfiguration;
			baseConfigurationReference = A4240501E25A7FCB3A4C6367 /* Pods-dan-ji-xiao-zhu-iOS.debug.xcconfig */;
			buildSettings = {
				ASSETCATALOG_COMPILER_APPICON_NAME = AppIcon;
				ASSETCATALOG_COMPILER_GLOBAL_ACCENT_COLOR_NAME = AccentColor;
				CODE_SIGN_IDENTITY = "Apple Development";
				CODE_SIGN_STYLE = Automatic;
				CURRENT_PROJECT_VERSION = 1;
				DEVELOPMENT_TEAM = 533N54GNY3;
				GENERATE_INFOPLIST_FILE = YES;
				INFOPLIST_FILE = "dan-ji-xiao-zhu-iOS/Info.plist";
				INFOPLIST_KEY_CFBundleDisplayName = "单机小助";
				INFOPLIST_KEY_UIApplicationSupportsIndirectInputEvents = YES;
				INFOPLIST_KEY_UILaunchStoryboardName = LaunchScreen;
				INFOPLIST_KEY_UIMainStoryboardFile = Main;
				INFOPLIST_KEY_UISupportedInterfaceOrientations_iPad = "UIInterfaceOrientationPortrait UIInterfaceOrientationPortraitUpsideDown UIInterfaceOrientationLandscapeLeft UIInterfaceOrientationLandscapeRight";
				INFOPLIST_KEY_UISupportedInterfaceOrientations_iPhone = "UIInterfaceOrientationPortrait UIInterfaceOrientationLandscapeLeft UIInterfaceOrientationLandscapeRight";
				LD_RUNPATH_SEARCH_PATHS = (
					"$(inherited)",
					"@executable_path/Frameworks",
				);
				MARKETING_VERSION = 1.0;
				PRODUCT_BUNDLE_IDENTIFIER = "com.zoeyzhong520.dan-ji-xiao-zhu-iOS";
				PRODUCT_NAME = "$(TARGET_NAME)";
				PROVISIONING_PROFILE_SPECIFIER = "";
				SWIFT_EMIT_LOC_STRINGS = YES;
				SWIFT_VERSION = 5.0;
				TARGETED_DEVICE_FAMILY = "1,2";
			};
			name = Debug;
		};
		573EC8AD2808397D00D56983 /* Release */ = {
			isa = XCBuildConfiguration;
			baseConfigurationReference = 3DCB8D926422471D0E52004D /* Pods-dan-ji-xiao-zhu-iOS.release.xcconfig */;
			buildSettings = {
				ASSETCATALOG_COMPILER_APPICON_NAME = AppIcon;
				ASSETCATALOG_COMPILER_GLOBAL_ACCENT_COLOR_NAME = AccentColor;
				CODE_SIGN_IDENTITY = "Apple Development";
				CODE_SIGN_STYLE = Automatic;
				CURRENT_PROJECT_VERSION = 1;
				DEVELOPMENT_TEAM = 533N54GNY3;
				GENERATE_INFOPLIST_FILE = YES;
				INFOPLIST_FILE = "dan-ji-xiao-zhu-iOS/Info.plist";
				INFOPLIST_KEY_CFBundleDisplayName = "单机小助";
				INFOPLIST_KEY_UIApplicationSupportsIndirectInputEvents = YES;
				INFOPLIST_KEY_UILaunchStoryboardName = LaunchScreen;
				INFOPLIST_KEY_UIMainStoryboardFile = Main;
				INFOPLIST_KEY_UISupportedInterfaceOrientations_iPad = "UIInterfaceOrientationPortrait UIInterfaceOrientationPortraitUpsideDown UIInterfaceOrientationLandscapeLeft UIInterfaceOrientationLandscapeRight";
				INFOPLIST_KEY_UISupportedInterfaceOrientations_iPhone = "UIInterfaceOrientationPortrait UIInterfaceOrientationLandscapeLeft UIInterfaceOrientationLandscapeRight";
				LD_RUNPATH_SEARCH_PATHS = (
					"$(inherited)",
					"@executable_path/Frameworks",
				);
				MARKETING_VERSION = 1.0;
				PRODUCT_BUNDLE_IDENTIFIER = "com.zoeyzhong520.dan-ji-xiao-zhu-iOS";
				PRODUCT_NAME = "$(TARGET_NAME)";
				PROVISIONING_PROFILE_SPECIFIER = "";
				SWIFT_EMIT_LOC_STRINGS = YES;
				SWIFT_VERSION = 5.0;
				TARGETED_DEVICE_FAMILY = "1,2";
			};
			name = Release;
		};
		573EC8AF2808397D00D56983 /* Debug */ = {
			isa = XCBuildConfiguration;
			buildSettings = {
				ALWAYS_EMBED_SWIFT_STANDARD_LIBRARIES = YES;
				BUNDLE_LOADER = "$(TEST_HOST)";
				CODE_SIGN_IDENTITY = "Apple Development";
				"CODE_SIGN_IDENTITY[sdk=macosx*]" = "Apple Development";
				CODE_SIGN_STYLE = Automatic;
				CURRENT_PROJECT_VERSION = 1;
				DEVELOPMENT_TEAM = 533N54GNY3;
				GENERATE_INFOPLIST_FILE = YES;
				IPHONEOS_DEPLOYMENT_TARGET = 15.4;
				MARKETING_VERSION = 1.0;
				PRODUCT_BUNDLE_IDENTIFIER = "com.zoeyzhong520.dan-ji-xiao-zhu-iOSTests";
				PRODUCT_NAME = "$(TARGET_NAME)";
				PROVISIONING_PROFILE_SPECIFIER = "";
				"PROVISIONING_PROFILE_SPECIFIER[sdk=macosx*]" = "";
				SWIFT_EMIT_LOC_STRINGS = NO;
				SWIFT_VERSION = 5.0;
				TARGETED_DEVICE_FAMILY = "1,2";
				TEST_HOST = "$(BUILT_PRODUCTS_DIR)/dan-ji-xiao-zhu-iOS.app/dan-ji-xiao-zhu-iOS";
			};
			name = Debug;
		};
		573EC8B02808397D00D56983 /* Release */ = {
			isa = XCBuildConfiguration;
			buildSettings = {
				ALWAYS_EMBED_SWIFT_STANDARD_LIBRARIES = YES;
				BUNDLE_LOADER = "$(TEST_HOST)";
				CODE_SIGN_IDENTITY = "Apple Development";
				"CODE_SIGN_IDENTITY[sdk=macosx*]" = "Apple Development";
				CODE_SIGN_STYLE = Automatic;
				CURRENT_PROJECT_VERSION = 1;
				DEVELOPMENT_TEAM = 533N54GNY3;
				GENERATE_INFOPLIST_FILE = YES;
				IPHONEOS_DEPLOYMENT_TARGET = 15.4;
				MARKETING_VERSION = 1.0;
				PRODUCT_BUNDLE_IDENTIFIER = "com.zoeyzhong520.dan-ji-xiao-zhu-iOSTests";
				PRODUCT_NAME = "$(TARGET_NAME)";
				PROVISIONING_PROFILE_SPECIFIER = "";
				"PROVISIONING_PROFILE_SPECIFIER[sdk=macosx*]" = "";
				SWIFT_EMIT_LOC_STRINGS = NO;
				SWIFT_VERSION = 5.0;
				TARGETED_DEVICE_FAMILY = "1,2";
				TEST_HOST = "$(BUILT_PRODUCTS_DIR)/dan-ji-xiao-zhu-iOS.app/dan-ji-xiao-zhu-iOS";
			};
			name = Release;
		};
		573EC8B22808397D00D56983 /* Debug */ = {
			isa = XCBuildConfiguration;
			buildSettings = {
				ALWAYS_EMBED_SWIFT_STANDARD_LIBRARIES = YES;
				CODE_SIGN_IDENTITY = "Apple Development";
				"CODE_SIGN_IDENTITY[sdk=macosx*]" = "Apple Development";
				CODE_SIGN_STYLE = Automatic;
				CURRENT_PROJECT_VERSION = 1;
				DEVELOPMENT_TEAM = 533N54GNY3;
				GENERATE_INFOPLIST_FILE = YES;
				MARKETING_VERSION = 1.0;
				PRODUCT_BUNDLE_IDENTIFIER = "com.zoeyzhong520.dan-ji-xiao-zhu-iOSUITests";
				PRODUCT_NAME = "$(TARGET_NAME)";
				PROVISIONING_PROFILE_SPECIFIER = "";
				"PROVISIONING_PROFILE_SPECIFIER[sdk=macosx*]" = "";
				SWIFT_EMIT_LOC_STRINGS = NO;
				SWIFT_VERSION = 5.0;
				TARGETED_DEVICE_FAMILY = "1,2";
				TEST_TARGET_NAME = "dan-ji-xiao-zhu-iOS";
			};
			name = Debug;
		};
		573EC8B32808397D00D56983 /* Release */ = {
			isa = XCBuildConfiguration;
			buildSettings = {
				ALWAYS_EMBED_SWIFT_STANDARD_LIBRARIES = YES;
				CODE_SIGN_IDENTITY = "Apple Development";
				"CODE_SIGN_IDENTITY[sdk=macosx*]" = "Apple Development";
				CODE_SIGN_STYLE = Automatic;
				CURRENT_PROJECT_VERSION = 1;
				DEVELOPMENT_TEAM = 533N54GNY3;
				GENERATE_INFOPLIST_FILE = YES;
				MARKETING_VERSION = 1.0;
				PRODUCT_BUNDLE_IDENTIFIER = "com.zoeyzhong520.dan-ji-xiao-zhu-iOSUITests";
				PRODUCT_NAME = "$(TARGET_NAME)";
				PROVISIONING_PROFILE_SPECIFIER = "";
				"PROVISIONING_PROFILE_SPECIFIER[sdk=macosx*]" = "";
				SWIFT_EMIT_LOC_STRINGS = NO;
				SWIFT_VERSION = 5.0;
				TARGETED_DEVICE_FAMILY = "1,2";
				TEST_TARGET_NAME = "dan-ji-xiao-zhu-iOS";
			};
			name = Release;
		};
/* End XCBuildConfiguration section */

/* Begin XCConfigurationList section */
		573EC87C2808397800D56983 /* Build configuration list for PBXProject "dan-ji-xiao-zhu-iOS" */ = {
			isa = XCConfigurationList;
			buildConfigurations = (
				573EC8A92808397D00D56983 /* Debug */,
				573EC8AA2808397D00D56983 /* Release */,
			);
			defaultConfigurationIsVisible = 0;
			defaultConfigurationName = Release;
		};
		573EC8AB2808397D00D56983 /* Build configuration list for PBXNativeTarget "dan-ji-xiao-zhu-iOS" */ = {
			isa = XCConfigurationList;
			buildConfigurations = (
				573EC8AC2808397D00D56983 /* Debug */,
				573EC8AD2808397D00D56983 /* Release */,
			);
			defaultConfigurationIsVisible = 0;
			defaultConfigurationName = Release;
		};
		573EC8AE2808397D00D56983 /* Build configuration list for PBXNativeTarget "dan-ji-xiao-zhu-iOSTests" */ = {
			isa = XCConfigurationList;
			buildConfigurations = (
				573EC8AF2808397D00D56983 /* Debug */,
				573EC8B02808397D00D56983 /* Release */,
			);
			defaultConfigurationIsVisible = 0;
			defaultConfigurationName = Release;
		};
		573EC8B12808397D00D56983 /* Build configuration list for PBXNativeTarget "dan-ji-xiao-zhu-iOSUITests" */ = {
			isa = XCConfigurationList;
			buildConfigurations = (
				573EC8B22808397D00D56983 /* Debug */,
				573EC8B32808397D00D56983 /* Release */,
			);
			defaultConfigurationIsVisible = 0;
			defaultConfigurationName = Release;
		};
/* End XCConfigurationList section */
	};
	rootObject = 573EC8792808397800D56983 /* Project object */;
}
